
Microsoft Visual Studio Solution File, Format Version 12.00
# Visual Studio Version 16
VisualStudioVersion = 16.0.30804.86
MinimumVisualStudioVersion = 10.0.40219.1
Project("{FAE04EC0-301F-11D3-BF4B-00C04F79EFBC}") = "project", "project\project.csproj", "{5AAAD0ED-F679-495D-A8BA-4B7CE63B1248}"
EndProject
Global
	GlobalSection(SolutionConfigurationPlatforms) = preSolution
		Debug|Any CPU = Debug|Any CPU
		Release|Any CPU = Release|Any CPU
	EndGlobalSection
	GlobalSection(ProjectConfigurationPlatforms) = postSolution
		{5AAAD0ED-F679-495D-A8BA-4B7CE63B1248}.Debug|Any CPU.ActiveCfg = Debug|Any CPU
		{5AAAD0ED-F679-495D-A8BA-4B7CE63B1248}.Debug|Any CPU.Build.0 = Debug|Any CPU
		{5AAAD0ED-F679-495D-A8BA-4B7CE63B1248}.Release|Any CPU.ActiveCfg = Release|Any CPU
		{5AAAD0ED-F679-495D-A8BA-4B7CE63B1248}.Release|Any CPU.Build.0 = Release|Any CPU
	EndGlobalSection
	GlobalSection(SolutionProperties) = preSolution
		HideSolutionNode = FALSE
	EndGlobalSection
	GlobalSection(ExtensibilityGlobals) = postSolution
		SolutionGuid = {28BFE5AD-D727-4068-888A-6C6A4524CE3B}
	EndGlobalSection
EndGlobal
